
Microsoft Visual Studio Solution File, Format Version 12.00
# Visual Studio Version 16
VisualStudioVersion = 16.0.31911.196
MinimumVisualStudioVersion = 10.0.40219.1
Project("{FAE04EC0-301F-11D3-BF4B-00C04F79EFBC}") = "BarcodeReader", "BarcodeReader\BarcodeReader.csproj", "{A42B5D3B-64EC-4DB1-8670-67ABD81F859F}"
EndProject
Global
	GlobalSection(SolutionConfigurationPlatforms) = preSolution
		1.0.0|Any CPU = 1.0.0|Any CPU
		1.0.0|x64 = 1.0.0|x64
		Debug|Any CPU = Debug|Any CPU
		Debug|x64 = Debug|x64
		Release|Any CPU = Release|Any CPU
		Release|x64 = Release|x64
	EndGlobalSection
	GlobalSection(ProjectConfigurationPlatforms) = postSolution
		{A42B5D3B-64EC-4DB1-8670-67ABD81F859F}.1.0.0|Any CPU.ActiveCfg = 1.0.0|Any CPU
		{A42B5D3B-64EC-4DB1-8670-67ABD81F859F}.1.0.0|Any CPU.Build.0 = 1.0.0|Any CPU
		{A42B5D3B-64EC-4DB1-8670-67ABD81F859F}.1.0.0|x64.ActiveCfg = 1.0.0|x64
		{A42B5D3B-64EC-4DB1-8670-67ABD81F859F}.1.0.0|x64.Build.0 = 1.0.0|x64
		{A42B5D3B-64EC-4DB1-8670-67ABD81F859F}.Debug|Any CPU.ActiveCfg = 1.0.0|Any CPU
		{A42B5D3B-64EC-4DB1-8670-67ABD81F859F}.Debug|Any CPU.Build.0 = 1.0.0|Any CPU
		{A42B5D3B-64EC-4DB1-8670-67ABD81F859F}.Debug|x64.ActiveCfg = 1.0.0|x64
		{A42B5D3B-64EC-4DB1-8670-67ABD81F859F}.Debug|x64.Build.0 = 1.0.0|x64
		{A42B5D3B-64EC-4DB1-8670-67ABD81F859F}.Release|Any CPU.ActiveCfg = Release|Any CPU
		{A42B5D3B-64EC-4DB1-8670-67ABD81F859F}.Release|x64.ActiveCfg = Release|x64
	EndGlobalSection
	GlobalSection(SolutionProperties) = preSolution
		HideSolutionNode = FALSE
	EndGlobalSection
	GlobalSection(ExtensibilityGlobals) = postSolution
		SolutionGuid = {635DFC45-3600-4A98-8851-E6C428C33D71}
	EndGlobalSection
EndGlobal
